
Microsoft Visual Studio Solution File, Format Version 12.00
# Visual Studio Version 17
VisualStudioVersion = 17.14.36203.30 d17.14
MinimumVisualStudioVersion = 10.0.40219.1
Project("{FAE04EC0-301F-11D3-BF4B-00C04F79EFBC}") = "XMLDatabase", "XMLDatabase\XMLDatabase.csproj", "{E8CA9744-76C6-4D01-8737-945B10865BB2}"
EndProject
Project("{FAE04EC0-301F-11D3-BF4B-00C04F79EFBC}") = "ML1_ConsoleApp", "ML1_ConsoleApp\ML1_ConsoleApp.csproj", "{3127953F-44F9-0380-F231-4304DAD8D414}"
EndProject
Global
	GlobalSection(SolutionConfigurationPlatforms) = preSolution
		Debug|Any CPU = Debug|Any CPU
		Release|Any CPU = Release|Any CPU
	EndGlobalSection
	GlobalSection(ProjectConfigurationPlatforms) = postSolution
		{E8CA9744-76C6-4D01-8737-945B10865BB2}.Debug|Any CPU.ActiveCfg = Debug|Any CPU
		{E8CA9744-76C6-4D01-8737-945B10865BB2}.Debug|Any CPU.Build.0 = Debug|Any CPU
		{E8CA9744-76C6-4D01-8737-945B10865BB2}.Release|Any CPU.ActiveCfg = Release|Any CPU
		{E8CA9744-76C6-4D01-8737-945B10865BB2}.Release|Any CPU.Build.0 = Release|Any CPU
		{3127953F-44F9-0380-F231-4304DAD8D414}.Debug|Any CPU.ActiveCfg = Debug|Any CPU
		{3127953F-44F9-0380-F231-4304DAD8D414}.Debug|Any CPU.Build.0 = Debug|Any CPU
		{3127953F-44F9-0380-F231-4304DAD8D414}.Release|Any CPU.ActiveCfg = Release|Any CPU
		{3127953F-44F9-0380-F231-4304DAD8D414}.Release|Any CPU.Build.0 = Release|Any CPU
	EndGlobalSection
	GlobalSection(SolutionProperties) = preSolution
		HideSolutionNode = FALSE
	EndGlobalSection
	GlobalSection(ExtensibilityGlobals) = postSolution
		SolutionGuid = {6CB33F26-CA4E-48F3-824B-09BB053B95EE}
	EndGlobalSection
EndGlobal
